<?xml version="1.0" encoding="utf-8"?>
<Project ToolsVersion="4.0" xmlns="http://schemas.microsoft.com/developer/msbuild/2003">
  <ItemGroup>
    <Filter Include="data">
      <UniqueIdentifier>{4FC737F1-C7A5-4376-A066-2A32D752A2FF}</UniqueIdentifier>
      <Extensions>cpp;c;cc;cxx;c++;cppm;ixx;def;odl;idl;hpj;bat;asm;asmx</Extensions>
    </Filter>
    <Filter Include="domain">
      <UniqueIdentifier>{93995380-89BD-4b04-88EB-625FBE52EBFB}</UniqueIdentifier>
      <Extensions>h;hh;hpp;hxx;h++;hm;inl;inc;ipp;xsd</Extensions>
    </Filter>
    <Filter Include="main">
      <UniqueIdentifier>{67DA6AB6-F800-4c08-8B7A-83BB121AAD01}</UniqueIdentifier>
      <Extensions>rc;ico;cur;bmp;dlg;rc2;rct;bin;rgs;gif;jpg;jpeg;jpe;resx;tiff;tif;png;wav;mfcribbon-ms</Extensions>
    </Filter>
    <Filter Include="presentation">
      <UniqueIdentifier>{fa224f73-2376-4cd4-a0a6-72d27ce1a642}</UniqueIdentifier>
    </Filter>
    <Filter Include="domain\models">
      <UniqueIdentifier>{7313c20d-1722-443a-9aaa-ab04bef68c08}</UniqueIdentifier>
    </Filter>
    <Filter Include="domain\models\point_one">
      <UniqueIdentifier>{d7fd4d55-61a1-4bbd-8f8b-291c531ebf7d}</UniqueIdentifier>
    </Filter>
    <Filter Include="domain\models\point_two">
      <UniqueIdentifier>{42b41a7c-f5c6-41f0-be57-cddcb7e015a8}</UniqueIdentifier>
    </Filter>
    <Filter Include="domain\models\points">
      <UniqueIdentifier>{9969302c-0dbf-48a2-adf0-5f4a840e6343}</UniqueIdentifier>
    </Filter>
  </ItemGroup>
  <ItemGroup>
    <ClCompile Include="main.cpp">
      <Filter>main</Filter>
    </ClCompile>
    <ClCompile Include="points.cpp">
      <Filter>domain\models\points</Filter>
    </ClCompile>
    <ClCompile Include="point_two.cpp">
      <Filter>domain\models\point_two</Filter>
    </ClCompile>
    <ClCompile Include="point_one.cpp">
      <Filter>domain\models\point_one</Filter>
    </ClCompile>
  </ItemGroup>
  <ItemGroup>
    <ClInclude Include="points.h">
      <Filter>domain\models\points</Filter>
    </ClInclude>
    <ClInclude Include="point_two.h">
      <Filter>domain\models\point_two</Filter>
    </ClInclude>
    <ClInclude Include="point_one.h">
      <Filter>domain\models\point_one</Filter>
    </ClInclude>
  </ItemGroup>
</Project>